
Microsoft Visual Studio Solution File, Format Version 12.00
# Visual Studio Version 17
VisualStudioVersion = 17.8.34525.116
MinimumVisualStudioVersion = 10.0.40219.1
Project("{9A19103F-16F7-4668-BE54-9A1E7A4F7556}") = "DesignPattern", "DesignPattern.csproj", "{A2D00662-2031-432F-8A0E-10ED19A90214}"
EndProject
Project("{FAE04EC0-301F-11D3-BF4B-00C04F79EFBC}") = "Util", "..\Util\Util.csproj", "{6714DA41-08F2-4B4D-BEA9-3F0DFEEE15F4}"
EndProject
Global
	GlobalSection(SolutionConfigurationPlatforms) = preSolution
		Debug|Any CPU = Debug|Any CPU
		Release|Any CPU = Release|Any CPU
	EndGlobalSection
	GlobalSection(ProjectConfigurationPlatforms) = postSolution
		{A2D00662-2031-432F-8A0E-10ED19A90214}.Debug|Any CPU.ActiveCfg = Debug|Any CPU
		{A2D00662-2031-432F-8A0E-10ED19A90214}.Debug|Any CPU.Build.0 = Debug|Any CPU
		{A2D00662-2031-432F-8A0E-10ED19A90214}.Release|Any CPU.ActiveCfg = Release|Any CPU
		{A2D00662-2031-432F-8A0E-10ED19A90214}.Release|Any CPU.Build.0 = Release|Any CPU
		{6714DA41-08F2-4B4D-BEA9-3F0DFEEE15F4}.Debug|Any CPU.ActiveCfg = Debug|Any CPU
		{6714DA41-08F2-4B4D-BEA9-3F0DFEEE15F4}.Debug|Any CPU.Build.0 = Debug|Any CPU
		{6714DA41-08F2-4B4D-BEA9-3F0DFEEE15F4}.Release|Any CPU.ActiveCfg = Release|Any CPU
		{6714DA41-08F2-4B4D-BEA9-3F0DFEEE15F4}.Release|Any CPU.Build.0 = Release|Any CPU
	EndGlobalSection
	GlobalSection(SolutionProperties) = preSolution
		HideSolutionNode = FALSE
	EndGlobalSection
	GlobalSection(ExtensibilityGlobals) = postSolution
		SolutionGuid = {507BA5BA-DA7A-4FE7-BE22-DC5D055A09FB}
	EndGlobalSection
EndGlobal
